
Microsoft Visual Studio Solution File, Format Version 12.00
# Visual Studio Version 17
VisualStudioVersion = 17.5.002.0
MinimumVisualStudioVersion = 10.0.40219.1
Project("{9A19103F-16F7-4668-BE54-9A1E7A4F7556}") = "pruebaTecnicaDSSpain", "pruebaTecnicaDSSpain.csproj", "{C3C65E27-93B5-4081-9075-EB54A7A25896}"
EndProject
Global
	GlobalSection(SolutionConfigurationPlatforms) = preSolution
		Debug|Any CPU = Debug|Any CPU
		Release|Any CPU = Release|Any CPU
	EndGlobalSection
	GlobalSection(ProjectConfigurationPlatforms) = postSolution
		{C3C65E27-93B5-4081-9075-EB54A7A25896}.Debug|Any CPU.ActiveCfg = Debug|Any CPU
		{C3C65E27-93B5-4081-9075-EB54A7A25896}.Debug|Any CPU.Build.0 = Debug|Any CPU
		{C3C65E27-93B5-4081-9075-EB54A7A25896}.Release|Any CPU.ActiveCfg = Release|Any CPU
		{C3C65E27-93B5-4081-9075-EB54A7A25896}.Release|Any CPU.Build.0 = Release|Any CPU
	EndGlobalSection
	GlobalSection(SolutionProperties) = preSolution
		HideSolutionNode = FALSE
	EndGlobalSection
	GlobalSection(ExtensibilityGlobals) = postSolution
		SolutionGuid = {AAC6DDBD-6ECE-4259-9E37-FD07545F67FA}
	EndGlobalSection
EndGlobal
